
Microsoft Visual Studio Solution File, Format Version 12.00
# Visual Studio Version 17
VisualStudioVersion = 17.0.31903.59
MinimumVisualStudioVersion = 10.0.40219.1
Project("{2150E333-8FDC-42A3-9474-1A3956D46DE8}") = "src", "src", "{827E0CD3-B72D-47B6-A68D-7590B98EB39B}"
EndProject
Project("{FAE04EC0-301F-11D3-BF4B-00C04F79EFBC}") = "GamePulse.Domain", "src\GamePulse.Domain\GamePulse.Domain.csproj", "{E4889BD8-3743-4AD8-8C03-57665B4FCB1F}"
EndProject
Project("{FAE04EC0-301F-11D3-BF4B-00C04F79EFBC}") = "GamePulse.Application", "src\GamePulse.Application\GamePulse.Application.csproj", "{F6F7A20D-9C11-489C-8FF4-53EF6FB97963}"
EndProject
Project("{FAE04EC0-301F-11D3-BF4B-00C04F79EFBC}") = "GamePulse.Infrastructure", "src\GamePulse.Infrastructure\GamePulse.Infrastructure.csproj", "{0175D689-B3FF-4DD8-968A-45567D15072A}"
EndProject
Project("{FAE04EC0-301F-11D3-BF4B-00C04F79EFBC}") = "GamePulse.Api", "src\GamePulse.Api\GamePulse.Api.csproj", "{7EFE8C9A-8A23-41F5-BF28-40B8F01C2CF9}"
EndProject
Project("{2150E333-8FDC-42A3-9474-1A3956D46DE8}") = "tests", "tests", "{0AB3BF05-4346-4AA6-1389-037BE0695223}"
EndProject
Project("{FAE04EC0-301F-11D3-BF4B-00C04F79EFBC}") = "GamePulse.UnitTests", "tests\GamePulse.UnitTests\GamePulse.UnitTests.csproj", "{5B00574C-94CC-4A2A-B5D0-B00D35394DA9}"
EndProject
Project("{FAE04EC0-301F-11D3-BF4B-00C04F79EFBC}") = "GamePulse.IntegrationTests", "tests\GamePulse.IntegrationTests\GamePulse.IntegrationTests.csproj", "{A7958B8D-0CEA-49E0-9585-D9FD81F8CAFB}"
EndProject
Project("{FAE04EC0-301F-11D3-BF4B-00C04F79EFBC}") = "GamePulse.Web", "src\GamePulse.Web\GamePulse.Web.csproj", "{D3116480-7983-4FF3-827D-A89F05F8FE20}"
EndProject
Global
	GlobalSection(SolutionConfigurationPlatforms) = preSolution
		Debug|Any CPU = Debug|Any CPU
		Debug|x64 = Debug|x64
		Debug|x86 = Debug|x86
		Release|Any CPU = Release|Any CPU
		Release|x64 = Release|x64
		Release|x86 = Release|x86
	EndGlobalSection
	GlobalSection(ProjectConfigurationPlatforms) = postSolution
		{E4889BD8-3743-4AD8-8C03-57665B4FCB1F}.Debug|Any CPU.ActiveCfg = Debug|Any CPU
		{E4889BD8-3743-4AD8-8C03-57665B4FCB1F}.Debug|Any CPU.Build.0 = Debug|Any CPU
		{E4889BD8-3743-4AD8-8C03-57665B4FCB1F}.Debug|x64.ActiveCfg = Debug|Any CPU
		{E4889BD8-3743-4AD8-8C03-57665B4FCB1F}.Debug|x64.Build.0 = Debug|Any CPU
		{E4889BD8-3743-4AD8-8C03-57665B4FCB1F}.Debug|x86.ActiveCfg = Debug|Any CPU
		{E4889BD8-3743-4AD8-8C03-57665B4FCB1F}.Debug|x86.Build.0 = Debug|Any CPU
		{E4889BD8-3743-4AD8-8C03-57665B4FCB1F}.Release|Any CPU.ActiveCfg = Release|Any CPU
		{E4889BD8-3743-4AD8-8C03-57665B4FCB1F}.Release|Any CPU.Build.0 = Release|Any CPU
		{E4889BD8-3743-4AD8-8C03-57665B4FCB1F}.Release|x64.ActiveCfg = Release|Any CPU
		{E4889BD8-3743-4AD8-8C03-57665B4FCB1F}.Release|x64.Build.0 = Release|Any CPU
		{E4889BD8-3743-4AD8-8C03-57665B4FCB1F}.Release|x86.ActiveCfg = Release|Any CPU
		{E4889BD8-3743-4AD8-8C03-57665B4FCB1F}.Release|x86.Build.0 = Release|Any CPU
		{F6F7A20D-9C11-489C-8FF4-53EF6FB97963}.Debug|Any CPU.ActiveCfg = Debug|Any CPU
		{F6F7A20D-9C11-489C-8FF4-53EF6FB97963}.Debug|Any CPU.Build.0 = Debug|Any CPU
		{F6F7A20D-9C11-489C-8FF4-53EF6FB97963}.Debug|x64.ActiveCfg = Debug|Any CPU
		{F6F7A20D-9C11-489C-8FF4-53EF6FB97963}.Debug|x64.Build.0 = Debug|Any CPU
		{F6F7A20D-9C11-489C-8FF4-53EF6FB97963}.Debug|x86.ActiveCfg = Debug|Any CPU
		{F6F7A20D-9C11-489C-8FF4-53EF6FB97963}.Debug|x86.Build.0 = Debug|Any CPU
		{F6F7A20D-9C11-489C-8FF4-53EF6FB97963}.Release|Any CPU.ActiveCfg = Release|Any CPU
		{F6F7A20D-9C11-489C-8FF4-53EF6FB97963}.Release|Any CPU.Build.0 = Release|Any CPU
		{F6F7A20D-9C11-489C-8FF4-53EF6FB97963}.Release|x64.ActiveCfg = Release|Any CPU
		{F6F7A20D-9C11-489C-8FF4-53EF6FB97963}.Release|x64.Build.0 = Release|Any CPU
		{F6F7A20D-9C11-489C-8FF4-53EF6FB97963}.Release|x86.ActiveCfg = Release|Any CPU
		{F6F7A20D-9C11-489C-8FF4-53EF6FB97963}.Release|x86.Build.0 = Release|Any CPU
		{0175D689-B3FF-4DD8-968A-45567D15072A}.Debug|Any CPU.ActiveCfg = Debug|Any CPU
		{0175D689-B3FF-4DD8-968A-45567D15072A}.Debug|Any CPU.Build.0 = Debug|Any CPU
		{0175D689-B3FF-4DD8-968A-45567D15072A}.Debug|x64.ActiveCfg = Debug|Any CPU
		{0175D689-B3FF-4DD8-968A-45567D15072A}.Debug|x64.Build.0 = Debug|Any CPU
		{0175D689-B3FF-4DD8-968A-45567D15072A}.Debug|x86.ActiveCfg = Debug|Any CPU
		{0175D689-B3FF-4DD8-968A-45567D15072A}.Debug|x86.Build.0 = Debug|Any CPU
		{0175D689-B3FF-4DD8-968A-45567D15072A}.Release|Any CPU.ActiveCfg = Release|Any CPU
		{0175D689-B3FF-4DD8-968A-45567D15072A}.Release|Any CPU.Build.0 = Release|Any CPU
		{0175D689-B3FF-4DD8-968A-45567D15072A}.Release|x64.ActiveCfg = Release|Any CPU
		{0175D689-B3FF-4DD8-968A-45567D15072A}.Release|x64.Build.0 = Release|Any CPU
		{0175D689-B3FF-4DD8-968A-45567D15072A}.Release|x86.ActiveCfg = Release|Any CPU
		{0175D689-B3FF-4DD8-968A-45567D15072A}.Release|x86.Build.0 = Release|Any CPU
		{7EFE8C9A-8A23-41F5-BF28-40B8F01C2CF9}.Debug|Any CPU.ActiveCfg = Debug|Any CPU
		{7EFE8C9A-8A23-41F5-BF28-40B8F01C2CF9}.Debug|Any CPU.Build.0 = Debug|Any CPU
		{7EFE8C9A-8A23-41F5-BF28-40B8F01C2CF9}.Debug|x64.ActiveCfg = Debug|Any CPU
		{7EFE8C9A-8A23-41F5-BF28-40B8F01C2CF9}.Debug|x64.Build.0 = Debug|Any CPU
		{7EFE8C9A-8A23-41F5-BF28-40B8F01C2CF9}.Debug|x86.ActiveCfg = Debug|Any CPU
		{7EFE8C9A-8A23-41F5-BF28-40B8F01C2CF9}.Debug|x86.Build.0 = Debug|Any CPU
		{7EFE8C9A-8A23-41F5-BF28-40B8F01C2CF9}.Release|Any CPU.ActiveCfg = Release|Any CPU
		{7EFE8C9A-8A23-41F5-BF28-40B8F01C2CF9}.Release|Any CPU.Build.0 = Release|Any CPU
		{7EFE8C9A-8A23-41F5-BF28-40B8F01C2CF9}.Release|x64.ActiveCfg = Release|Any CPU
		{7EFE8C9A-8A23-41F5-BF28-40B8F01C2CF9}.Release|x64.Build.0 = Release|Any CPU
		{7EFE8C9A-8A23-41F5-BF28-40B8F01C2CF9}.Release|x86.ActiveCfg = Release|Any CPU
		{7EFE8C9A-8A23-41F5-BF28-40B8F01C2CF9}.Release|x86.Build.0 = Release|Any CPU
		{5B00574C-94CC-4A2A-B5D0-B00D35394DA9}.Debug|Any CPU.ActiveCfg = Debug|Any CPU
		{5B00574C-94CC-4A2A-B5D0-B00D35394DA9}.Debug|Any CPU.Build.0 = Debug|Any CPU
		{5B00574C-94CC-4A2A-B5D0-B00D35394DA9}.Debug|x64.ActiveCfg = Debug|Any CPU
		{5B00574C-94CC-4A2A-B5D0-B00D35394DA9}.Debug|x64.Build.0 = Debug|Any CPU
		{5B00574C-94CC-4A2A-B5D0-B00D35394DA9}.Debug|x86.ActiveCfg = Debug|Any CPU
		{5B00574C-94CC-4A2A-B5D0-B00D35394DA9}.Debug|x86.Build.0 = Debug|Any CPU
		{5B00574C-94CC-4A2A-B5D0-B00D35394DA9}.Release|Any CPU.ActiveCfg = Release|Any CPU
		{5B00574C-94CC-4A2A-B5D0-B00D35394DA9}.Release|Any CPU.Build.0 = Release|Any CPU
		{5B00574C-94CC-4A2A-B5D0-B00D35394DA9}.Release|x64.ActiveCfg = Release|Any CPU
		{5B00574C-94CC-4A2A-B5D0-B00D35394DA9}.Release|x64.Build.0 = Release|Any CPU
		{5B00574C-94CC-4A2A-B5D0-B00D35394DA9}.Release|x86.ActiveCfg = Release|Any CPU
		{5B00574C-94CC-4A2A-B5D0-B00D35394DA9}.Release|x86.Build.0 = Release|Any CPU
		{A7958B8D-0CEA-49E0-9585-D9FD81F8CAFB}.Debug|Any CPU.ActiveCfg = Debug|Any CPU
		{A7958B8D-0CEA-49E0-9585-D9FD81F8CAFB}.Debug|Any CPU.Build.0 = Debug|Any CPU
		{A7958B8D-0CEA-49E0-9585-D9FD81F8CAFB}.Debug|x64.ActiveCfg = Debug|Any CPU
		{A7958B8D-0CEA-49E0-9585-D9FD81F8CAFB}.Debug|x64.Build.0 = Debug|Any CPU
		{A7958B8D-0CEA-49E0-9585-D9FD81F8CAFB}.Debug|x86.ActiveCfg = Debug|Any CPU
		{A7958B8D-0CEA-49E0-9585-D9FD81F8CAFB}.Debug|x86.Build.0 = Debug|Any CPU
		{A7958B8D-0CEA-49E0-9585-D9FD81F8CAFB}.Release|Any CPU.ActiveCfg = Release|Any CPU
		{A7958B8D-0CEA-49E0-9585-D9FD81F8CAFB}.Release|Any CPU.Build.0 = Release|Any CPU
		{A7958B8D-0CEA-49E0-9585-D9FD81F8CAFB}.Release|x64.ActiveCfg = Release|Any CPU
		{A7958B8D-0CEA-49E0-9585-D9FD81F8CAFB}.Release|x64.Build.0 = Release|Any CPU
		{A7958B8D-0CEA-49E0-9585-D9FD81F8CAFB}.Release|x86.ActiveCfg = Release|Any CPU
		{A7958B8D-0CEA-49E0-9585-D9FD81F8CAFB}.Release|x86.Build.0 = Release|Any CPU
		{D3116480-7983-4FF3-827D-A89F05F8FE20}.Debug|Any CPU.ActiveCfg = Debug|Any CPU
		{D3116480-7983-4FF3-827D-A89F05F8FE20}.Debug|Any CPU.Build.0 = Debug|Any CPU
		{D3116480-7983-4FF3-827D-A89F05F8FE20}.Debug|x64.ActiveCfg = Debug|Any CPU
		{D3116480-7983-4FF3-827D-A89F05F8FE20}.Debug|x64.Build.0 = Debug|Any CPU
		{D3116480-7983-4FF3-827D-A89F05F8FE20}.Debug|x86.ActiveCfg = Debug|Any CPU
		{D3116480-7983-4FF3-827D-A89F05F8FE20}.Debug|x86.Build.0 = Debug|Any CPU
		{D3116480-7983-4FF3-827D-A89F05F8FE20}.Release|Any CPU.ActiveCfg = Release|Any CPU
		{D3116480-7983-4FF3-827D-A89F05F8FE20}.Release|Any CPU.Build.0 = Release|Any CPU
		{D3116480-7983-4FF3-827D-A89F05F8FE20}.Release|x64.ActiveCfg = Release|Any CPU
		{D3116480-7983-4FF3-827D-A89F05F8FE20}.Release|x64.Build.0 = Release|Any CPU
		{D3116480-7983-4FF3-827D-A89F05F8FE20}.Release|x86.ActiveCfg = Release|Any CPU
		{D3116480-7983-4FF3-827D-A89F05F8FE20}.Release|x86.Build.0 = Release|Any CPU
	EndGlobalSection
	GlobalSection(SolutionProperties) = preSolution
		HideSolutionNode = FALSE
	EndGlobalSection
	GlobalSection(NestedProjects) = preSolution
		{E4889BD8-3743-4AD8-8C03-57665B4FCB1F} = {827E0CD3-B72D-47B6-A68D-7590B98EB39B}
		{F6F7A20D-9C11-489C-8FF4-53EF6FB97963} = {827E0CD3-B72D-47B6-A68D-7590B98EB39B}
		{0175D689-B3FF-4DD8-968A-45567D15072A} = {827E0CD3-B72D-47B6-A68D-7590B98EB39B}
		{7EFE8C9A-8A23-41F5-BF28-40B8F01C2CF9} = {827E0CD3-B72D-47B6-A68D-7590B98EB39B}
		{5B00574C-94CC-4A2A-B5D0-B00D35394DA9} = {0AB3BF05-4346-4AA6-1389-037BE0695223}
		{A7958B8D-0CEA-49E0-9585-D9FD81F8CAFB} = {0AB3BF05-4346-4AA6-1389-037BE0695223}
		{D3116480-7983-4FF3-827D-A89F05F8FE20} = {827E0CD3-B72D-47B6-A68D-7590B98EB39B}
	EndGlobalSection
EndGlobal
